
Microsoft Visual Studio Solution File, Format Version 12.00
# Visual Studio 15
VisualStudioVersion = 15.0.27130.2024
MinimumVisualStudioVersion = 10.0.40219.1
Project("{8BC9CEB8-8B4A-11D0-8D11-00A0C91BC942}") = "tool", "tool\tool.vcxproj", "{AE7A2FB6-1869-481D-9AF9-28D14C71538D}"
EndProject
Global
	GlobalSection(SolutionConfigurationPlatforms) = preSolution
		Debug|x64 = Debug|x64
		Debug|x86 = Debug|x86
		Release|x64 = Release|x64
		Release|x86 = Release|x86
	EndGlobalSection
	GlobalSection(ProjectConfigurationPlatforms) = postSolution
		{AE7A2FB6-1869-481D-9AF9-28D14C71538D}.Debug|x64.ActiveCfg = Debug|x64
		{AE7A2FB6-1869-481D-9AF9-28D14C71538D}.Debug|x64.Build.0 = Debug|x64
		{AE7A2FB6-1869-481D-9AF9-28D14C71538D}.Debug|x86.ActiveCfg = Debug|Win32
		{AE7A2FB6-1869-481D-9AF9-28D14C71538D}.Debug|x86.Build.0 = Debug|Win32
		{AE7A2FB6-1869-481D-9AF9-28D14C71538D}.Release|x64.ActiveCfg = Release|x64
		{AE7A2FB6-1869-481D-9AF9-28D14C71538D}.Release|x64.Build.0 = Release|x64
		{AE7A2FB6-1869-481D-9AF9-28D14C71538D}.Release|x86.ActiveCfg = Release|Win32
		{AE7A2FB6-1869-481D-9AF9-28D14C71538D}.Release|x86.Build.0 = Release|Win32
	EndGlobalSection
	GlobalSection(SolutionProperties) = preSolution
		HideSolutionNode = FALSE
	EndGlobalSection
	GlobalSection(ExtensibilityGlobals) = postSolution
		SolutionGuid = {C4D1EB11-6AAA-4E33-B884-C4CBE92761DD}
	EndGlobalSection
EndGlobal
